// !$*UTF8*$!
{
	archiveVersion = 1;
	classes = {
	};
	objectVersion = 46;
	objects = {

/* Begin PBXBuildFile section */
		D51AE9081E463184002A92B5 /* SignUpViewController.m in Sources */ = {isa = PBXBuildFile; fileRef = D51AE9071E463184002A92B5 /* SignUpViewController.m */; };
		D51AE90C1E46336E002A92B5 /* LoginTextField.m in Sources */ = {isa = PBXBuildFile; fileRef = D51AE90B1E46336E002A92B5 /* LoginTextField.m */; };
		D51AE90F1E465628002A92B5 /* LoginViewController.m in Sources */ = {isa = PBXBuildFile; fileRef = D51AE90E1E465628002A92B5 /* LoginViewController.m */; };
		D522E1421E45F9CD005F44E7 /* PageContentViewController.m in Sources */ = {isa = PBXBuildFile; fileRef = D522E1411E45F9CD005F44E7 /* PageContentViewController.m */; };
		D522E1461E45FA1A005F44E7 /* RootViewController.m in Sources */ = {isa = PBXBuildFile; fileRef = D522E1451E45FA1A005F44E7 /* RootViewController.m */; };
		D522E1491E45FCEA005F44E7 /* GettingStartedButton.m in Sources */ = {isa = PBXBuildFile; fileRef = D522E1481E45FCEA005F44E7 /* GettingStartedButton.m */; };
		D54235581E3F34DD008E3224 /* DetailViewController.m in Sources */ = {isa = PBXBuildFile; fileRef = D54235571E3F34DD008E3224 /* DetailViewController.m */; };
		D546112E1E3E464700C1A45D /* main.m in Sources */ = {isa = PBXBuildFile; fileRef = D546112D1E3E464700C1A45D /* main.m */; };
		D54611311E3E464700C1A45D /* AppDelegate.m in Sources */ = {isa = PBXBuildFile; fileRef = D54611301E3E464700C1A45D /* AppDelegate.m */; };
		D54611371E3E464700C1A45D /* Main.storyboard in Resources */ = {isa = PBXBuildFile; fileRef = D54611351E3E464700C1A45D /* Main.storyboard */; };
		D54611391E3E464700C1A45D /* Assets.xcassets in Resources */ = {isa = PBXBuildFile; fileRef = D54611381E3E464700C1A45D /* Assets.xcassets */; };
		D546113C1E3E464700C1A45D /* LaunchScreen.storyboard in Resources */ = {isa = PBXBuildFile; fileRef = D546113A1E3E464700C1A45D /* LaunchScreen.storyboard */; };
		D54611451E3E476200C1A45D /* calories.png in Resources */ = {isa = PBXBuildFile; fileRef = D54611431E3E476200C1A45D /* calories.png */; };
		D54611481E3E47F700C1A45D /* food.png in Resources */ = {isa = PBXBuildFile; fileRef = D54611471E3E47F700C1A45D /* food.png */; };
		D546114A1E3E480200C1A45D /* item.png in Resources */ = {isa = PBXBuildFile; fileRef = D54611491E3E480200C1A45D /* item.png */; };
		D546114D1E3E4A2B00C1A45D /* heart.png in Resources */ = {isa = PBXBuildFile; fileRef = D546114C1E3E4A2B00C1A45D /* heart.png */; };
		D546114F1E3E4B2400C1A45D /* time.png in Resources */ = {isa = PBXBuildFile; fileRef = D546114E1E3E4B2400C1A45D /* time.png */; };
		D54611561E3E5BAE00C1A45D /* ListTableView.m in Sources */ = {isa = PBXBuildFile; fileRef = D54611551E3E5BAE00C1A45D /* ListTableView.m */; };
		D54611591E3E5BFA00C1A45D /* ListTableViewCell.m in Sources */ = {isa = PBXBuildFile; fileRef = D54611581E3E5BFA00C1A45D /* ListTableViewCell.m */; };
		D5CCC8FC1E43177E006C5917 /* Food.m in Sources */ = {isa = PBXBuildFile; fileRef = D5CCC8FB1E43177E006C5917 /* Food.m */; };
/* End PBXBuildFile section */

/* Begin PBXFileReference section */
		D51AE9061E463184002A92B5 /* SignUpViewController.h */ = {isa = PBXFileReference; fileEncoding = 4; lastKnownFileType = sourcecode.c.h; name = SignUpViewController.h; path = ../SignUpViewController.h; sourceTree = "<group>"; };
		D51AE9071E463184002A92B5 /* SignUpViewController.m */ = {isa = PBXFileReference; fileEncoding = 4; lastKnownFileType = sourcecode.c.objc; name = SignUpViewController.m; path = ../SignUpViewController.m; sourceTree = "<group>"; };
		D51AE90A1E46336E002A92B5 /* LoginTextField.h */ = {isa = PBXFileReference; fileEncoding = 4; lastKnownFileType = sourcecode.c.h; path = LoginTextField.h; sourceTree = "<group>"; };
		D51AE90B1E46336E002A92B5 /* LoginTextField.m */ = {isa = PBXFileReference; fileEncoding = 4; lastKnownFileType = sourcecode.c.objc; path = LoginTextField.m; sourceTree = "<group>"; };
		D51AE90D1E465628002A92B5 /* LoginViewController.h */ = {isa = PBXFileReference; fileEncoding = 4; lastKnownFileType = sourcecode.c.h; path = LoginViewController.h; sourceTree = "<group>"; };
		D51AE90E1E465628002A92B5 /* LoginViewController.m */ = {isa = PBXFileReference; fileEncoding = 4; lastKnownFileType = sourcecode.c.objc; path = LoginViewController.m; sourceTree = "<group>"; };
		D522E1401E45F9CD005F44E7 /* PageContentViewController.h */ = {isa = PBXFileReference; fileEncoding = 4; lastKnownFileType = sourcecode.c.h; path = PageContentViewController.h; sourceTree = "<group>"; };
		D522E1411E45F9CD005F44E7 /* PageContentViewController.m */ = {isa = PBXFileReference; fileEncoding = 4; lastKnownFileType = sourcecode.c.objc; path = PageContentViewController.m; sourceTree = "<group>"; };
		D522E1441E45FA1A005F44E7 /* RootViewController.h */ = {isa = PBXFileReference; fileEncoding = 4; lastKnownFileType = sourcecode.c.h; path = RootViewController.h; sourceTree = "<group>"; };
		D522E1451E45FA1A005F44E7 /* RootViewController.m */ = {isa = PBXFileReference; fileEncoding = 4; lastKnownFileType = sourcecode.c.objc; path = RootViewController.m; sourceTree = "<group>"; };
		D522E1471E45FCEA005F44E7 /* GettingStartedButton.h */ = {isa = PBXFileReference; fileEncoding = 4; lastKnownFileType = sourcecode.c.h; path = GettingStartedButton.h; sourceTree = "<group>"; };
		D522E1481E45FCEA005F44E7 /* GettingStartedButton.m */ = {isa = PBXFileReference; fileEncoding = 4; lastKnownFileType = sourcecode.c.objc; path = GettingStartedButton.m; sourceTree = "<group>"; };
		D54235561E3F34DD008E3224 /* DetailViewController.h */ = {isa = PBXFileReference; fileEncoding = 4; lastKnownFileType = sourcecode.c.h; path = DetailViewController.h; sourceTree = "<group>"; };
		D54235571E3F34DD008E3224 /* DetailViewController.m */ = {isa = PBXFileReference; fileEncoding = 4; lastKnownFileType = sourcecode.c.objc; path = DetailViewController.m; sourceTree = "<group>"; };
		D54611291E3E464700C1A45D /* Calorie Meter.app */ = {isa = PBXFileReference; explicitFileType = wrapper.application; includeInIndex = 0; path = "Calorie Meter.app"; sourceTree = BUILT_PRODUCTS_DIR; };
		D546112D1E3E464700C1A45D /* main.m */ = {isa = PBXFileReference; lastKnownFileType = sourcecode.c.objc; path = main.m; sourceTree = "<group>"; };
		D546112F1E3E464700C1A45D /* AppDelegate.h */ = {isa = PBXFileReference; lastKnownFileType = sourcecode.c.h; path = AppDelegate.h; sourceTree = "<group>"; };
		D54611301E3E464700C1A45D /* AppDelegate.m */ = {isa = PBXFileReference; lastKnownFileType = sourcecode.c.objc; path = AppDelegate.m; sourceTree = "<group>"; };
		D54611361E3E464700C1A45D /* Base */ = {isa = PBXFileReference; lastKnownFileType = file.storyboard; name = Base; path = Base.lproj/Main.storyboard; sourceTree = "<group>"; };
		D54611381E3E464700C1A45D /* Assets.xcassets */ = {isa = PBXFileReference; lastKnownFileType = folder.assetcatalog; path = Assets.xcassets; sourceTree = "<group>"; };
		D546113B1E3E464700C1A45D /* Base */ = {isa = PBXFileReference; lastKnownFileType = file.storyboard; name = Base; path = Base.lproj/LaunchScreen.storyboard; sourceTree = "<group>"; };
		D546113D1E3E464700C1A45D /* Info.plist */ = {isa = PBXFileReference; lastKnownFileType = text.plist.xml; path = Info.plist; sourceTree = "<group>"; };
		D54611431E3E476200C1A45D /* calories.png */ = {isa = PBXFileReference; lastKnownFileType = image.png; path = calories.png; sourceTree = "<group>"; };
		D54611471E3E47F700C1A45D /* food.png */ = {isa = PBXFileReference; lastKnownFileType = image.png; path = food.png; sourceTree = "<group>"; };
		D54611491E3E480200C1A45D /* item.png */ = {isa = PBXFileReference; lastKnownFileType = image.png; path = item.png; sourceTree = "<group>"; };
		D546114C1E3E4A2B00C1A45D /* heart.png */ = {isa = PBXFileReference; lastKnownFileType = image.png; path = heart.png; sourceTree = "<group>"; };
		D546114E1E3E4B2400C1A45D /* time.png */ = {isa = PBXFileReference; lastKnownFileType = image.png; path = time.png; sourceTree = "<group>"; };
		D54611541E3E5BAE00C1A45D /* ListTableView.h */ = {isa = PBXFileReference; fileEncoding = 4; lastKnownFileType = sourcecode.c.h; path = ListTableView.h; sourceTree = "<group>"; };
		D54611551E3E5BAE00C1A45D /* ListTableView.m */ = {isa = PBXFileReference; fileEncoding = 4; lastKnownFileType = sourcecode.c.objc; path = ListTableView.m; sourceTree = "<group>"; };
		D54611571E3E5BFA00C1A45D /* ListTableViewCell.h */ = {isa = PBXFileReference; fileEncoding = 4; lastKnownFileType = sourcecode.c.h; path = ListTableViewCell.h; sourceTree = "<group>"; };
		D54611581E3E5BFA00C1A45D /* ListTableViewCell.m */ = {isa = PBXFileReference; fileEncoding = 4; lastKnownFileType = sourcecode.c.objc; path = ListTableViewCell.m; sourceTree = "<group>"; };
		D5CCC8FA1E43177E006C5917 /* Food.h */ = {isa = PBXFileReference; fileEncoding = 4; lastKnownFileType = sourcecode.c.h; path = Food.h; sourceTree = "<group>"; };
		D5CCC8FB1E43177E006C5917 /* Food.m */ = {isa = PBXFileReference; fileEncoding = 4; lastKnownFileType = sourcecode.c.objc; path = Food.m; sourceTree = "<group>"; };
/* End PBXFileReference section */

/* Begin PBXFrameworksBuildPhase section */
		D54611261E3E464700C1A45D /* Frameworks */ = {
			isa = PBXFrameworksBuildPhase;
			buildActionMask = 2147483647;
			files = (
			);
			runOnlyForDeploymentPostprocessing = 0;
		};
/* End PBXFrameworksBuildPhase section */

/* Begin PBXGroup section */
		D51AE9091E463190002A92B5 /* Login */ = {
			isa = PBXGroup;
			children = (
				D51AE90D1E465628002A92B5 /* LoginViewController.h */,
				D51AE90E1E465628002A92B5 /* LoginViewController.m */,
				D51AE9061E463184002A92B5 /* SignUpViewController.h */,
				D51AE9071E463184002A92B5 /* SignUpViewController.m */,
				D51AE90A1E46336E002A92B5 /* LoginTextField.h */,
				D51AE90B1E46336E002A92B5 /* LoginTextField.m */,
			);
			name = Login;
			sourceTree = "<group>";
		};
		D522E1431E45F9DF005F44E7 /* Getting Started */ = {
			isa = PBXGroup;
			children = (
				D522E1471E45FCEA005F44E7 /* GettingStartedButton.h */,
				D522E1481E45FCEA005F44E7 /* GettingStartedButton.m */,
				D522E1441E45FA1A005F44E7 /* RootViewController.h */,
				D522E1451E45FA1A005F44E7 /* RootViewController.m */,
				D522E1401E45F9CD005F44E7 /* PageContentViewController.h */,
				D522E1411E45F9CD005F44E7 /* PageContentViewController.m */,
			);
			name = "Getting Started";
			sourceTree = "<group>";
		};
		D54611201E3E464700C1A45D = {
			isa = PBXGroup;
			children = (
				D546112B1E3E464700C1A45D /* Calorie Meter */,
				D546112A1E3E464700C1A45D /* Products */,
			);
			sourceTree = "<group>";
		};
		D546112A1E3E464700C1A45D /* Products */ = {
			isa = PBXGroup;
			children = (
				D54611291E3E464700C1A45D /* Calorie Meter.app */,
			);
			name = Products;
			sourceTree = "<group>";
		};
		D546112B1E3E464700C1A45D /* Calorie Meter */ = {
			isa = PBXGroup;
			children = (
				D54611351E3E464700C1A45D /* Main.storyboard */,
				D54611381E3E464700C1A45D /* Assets.xcassets */,
				D546113D1E3E464700C1A45D /* Info.plist */,
				D5CCC8FA1E43177E006C5917 /* Food.h */,
				D5CCC8FB1E43177E006C5917 /* Food.m */,
				D51AE9091E463190002A92B5 /* Login */,
				D522E1431E45F9DF005F44E7 /* Getting Started */,
				D54611531E3E5B9000C1A45D /* images */,
				D5CCC8F91E431298006C5917 /* Detail Screeen */,
				D546114B1E3E49CB00C1A45D /* Homepage */,
				D54611521E3E5B3A00C1A45D /* Launch Screen */,
				D546112C1E3E464700C1A45D /* Supporting Files */,
			);
			path = "Calorie Meter";
			sourceTree = "<group>";
		};
		D546112C1E3E464700C1A45D /* Supporting Files */ = {
			isa = PBXGroup;
			children = (
				D546112F1E3E464700C1A45D /* AppDelegate.h */,
				D54611301E3E464700C1A45D /* AppDelegate.m */,
				D546112D1E3E464700C1A45D /* main.m */,
			);
			name = "Supporting Files";
			sourceTree = "<group>";
		};
		D546114B1E3E49CB00C1A45D /* Homepage */ = {
			isa = PBXGroup;
			children = (
				D54611541E3E5BAE00C1A45D /* ListTableView.h */,
				D54611551E3E5BAE00C1A45D /* ListTableView.m */,
				D54611571E3E5BFA00C1A45D /* ListTableViewCell.h */,
				D54611581E3E5BFA00C1A45D /* ListTableViewCell.m */,
			);
			name = Homepage;
			sourceTree = "<group>";
		};
		D54611521E3E5B3A00C1A45D /* Launch Screen */ = {
			isa = PBXGroup;
			children = (
				D546113A1E3E464700C1A45D /* LaunchScreen.storyboard */,
			);
			name = "Launch Screen";
			sourceTree = "<group>";
		};
		D54611531E3E5B9000C1A45D /* images */ = {
			isa = PBXGroup;
			children = (
				D546114E1E3E4B2400C1A45D /* time.png */,
				D546114C1E3E4A2B00C1A45D /* heart.png */,
				D54611431E3E476200C1A45D /* calories.png */,
				D54611471E3E47F700C1A45D /* food.png */,
				D54611491E3E480200C1A45D /* item.png */,
			);
			name = images;
			sourceTree = "<group>";
		};
		D5CCC8F91E431298006C5917 /* Detail Screeen */ = {
			isa = PBXGroup;
			children = (
				D54235561E3F34DD008E3224 /* DetailViewController.h */,
				D54235571E3F34DD008E3224 /* DetailViewController.m */,
			);
			name = "Detail Screeen";
			sourceTree = "<group>";
		};
/* End PBXGroup section */

/* Begin PBXNativeTarget section */
		D54611281E3E464700C1A45D /* Calorie Meter */ = {
			isa = PBXNativeTarget;
			buildConfigurationList = D54611401E3E464700C1A45D /* Build configuration list for PBXNativeTarget "Calorie Meter" */;
			buildPhases = (
				D54611251E3E464700C1A45D /* Sources */,
				D54611261E3E464700C1A45D /* Frameworks */,
				D54611271E3E464700C1A45D /* Resources */,
			);
			buildRules = (
			);
			dependencies = (
			);
			name = "Calorie Meter";
			productName = "Calorie Meter";
			productReference = D54611291E3E464700C1A45D /* Calorie Meter.app */;
			productType = "com.apple.product-type.application";
		};
/* End PBXNativeTarget section */

/* Begin PBXProject section */
		D54611211E3E464700C1A45D /* Project object */ = {
			isa = PBXProject;
			attributes = {
				LastUpgradeCheck = 0820;
				ORGANIZATIONNAME = "Code Blood";
				TargetAttributes = {
					D54611281E3E464700C1A45D = {
						CreatedOnToolsVersion = 8.2.1;
						ProvisioningStyle = Automatic;
					};
				};
			};
			buildConfigurationList = D54611241E3E464700C1A45D /* Build configuration list for PBXProject "Calorie Meter" */;
			compatibilityVersion = "Xcode 3.2";
			developmentRegion = English;
			hasScannedForEncodings = 0;
			knownRegions = (
				en,
				Base,
			);
			mainGroup = D54611201E3E464700C1A45D;
			productRefGroup = D546112A1E3E464700C1A45D /* Products */;
			projectDirPath = "";
			projectRoot = "";
			targets = (
				D54611281E3E464700C1A45D /* Calorie Meter */,
			);
		};
/* End PBXProject section */

/* Begin PBXResourcesBuildPhase section */
		D54611271E3E464700C1A45D /* Resources */ = {
			isa = PBXResourcesBuildPhase;
			buildActionMask = 2147483647;
			files = (
				D546113C1E3E464700C1A45D /* LaunchScreen.storyboard in Resources */,
				D54611481E3E47F700C1A45D /* food.png in Resources */,
				D546114F1E3E4B2400C1A45D /* time.png in Resources */,
				D546114A1E3E480200C1A45D /* item.png in Resources */,
				D54611451E3E476200C1A45D /* calories.png in Resources */,
				D546114D1E3E4A2B00C1A45D /* heart.png in Resources */,
				D54611391E3E464700C1A45D /* Assets.xcassets in Resources */,
				D54611371E3E464700C1A45D /* Main.storyboard in Resources */,
			);
			runOnlyForDeploymentPostprocessing = 0;
		};
/* End PBXResourcesBuildPhase section */

/* Begin PBXSourcesBuildPhase section */
		D54611251E3E464700C1A45D /* Sources */ = {
			isa = PBXSourcesBuildPhase;
			buildActionMask = 2147483647;
			files = (
				D54235581E3F34DD008E3224 /* DetailViewController.m in Sources */,
				D54611561E3E5BAE00C1A45D /* ListTableView.m in Sources */,
				D522E1491E45FCEA005F44E7 /* GettingStartedButton.m in Sources */,
				D522E1461E45FA1A005F44E7 /* RootViewController.m in Sources */,
				D51AE9081E463184002A92B5 /* SignUpViewController.m in Sources */,
				D522E1421E45F9CD005F44E7 /* PageContentViewController.m in Sources */,
				D54611591E3E5BFA00C1A45D /* ListTableViewCell.m in Sources */,
				D51AE90C1E46336E002A92B5 /* LoginTextField.m in Sources */,
				D51AE90F1E465628002A92B5 /* LoginViewController.m in Sources */,
				D5CCC8FC1E43177E006C5917 /* Food.m in Sources */,
				D54611311E3E464700C1A45D /* AppDelegate.m in Sources */,
				D546112E1E3E464700C1A45D /* main.m in Sources */,
			);
			runOnlyForDeploymentPostprocessing = 0;
		};
/* End PBXSourcesBuildPhase section */

/* Begin PBXVariantGroup section */
		D54611351E3E464700C1A45D /* Main.storyboard */ = {
			isa = PBXVariantGroup;
			children = (
				D54611361E3E464700C1A45D /* Base */,
			);
			name = Main.storyboard;
			sourceTree = "<group>";
		};
		D546113A1E3E464700C1A45D /* LaunchScreen.storyboard */ = {
			isa = PBXVariantGroup;
			children = (
				D546113B1E3E464700C1A45D /* Base */,
			);
			name = LaunchScreen.storyboard;
			sourceTree = "<group>";
		};
/* End PBXVariantGroup section */

/* Begin XCBuildConfiguration section */
		D546113E1E3E464700C1A45D /* Debug */ = {
			isa = XCBuildConfiguration;
			buildSettings = {
				ALWAYS_SEARCH_USER_PATHS = NO;
				CLANG_ANALYZER_NONNULL = YES;
				CLANG_CXX_LANGUAGE_STANDARD = "gnu++0x";
				CLANG_CXX_LIBRARY = "libc++";
				CLANG_ENABLE_MODULES = YES;
				CLANG_ENABLE_OBJC_ARC = YES;
				CLANG_WARN_BOOL_CONVERSION = YES;
				CLANG_WARN_CONSTANT_CONVERSION = YES;
				CLANG_WARN_DIRECT_OBJC_ISA_USAGE = YES_ERROR;
				CLANG_WARN_DOCUMENTATION_COMMENTS = YES;
				CLANG_WARN_EMPTY_BODY = YES;
				CLANG_WARN_ENUM_CONVERSION = YES;
				CLANG_WARN_INFINITE_RECURSION = YES;
				CLANG_WARN_INT_CONVERSION = YES;
				CLANG_WARN_OBJC_ROOT_CLASS = YES_ERROR;
				CLANG_WARN_SUSPICIOUS_MOVE = YES;
				CLANG_WARN_UNREACHABLE_CODE = YES;
				CLANG_WARN__DUPLICATE_METHOD_MATCH = YES;
				"CODE_SIGN_IDENTITY[sdk=iphoneos*]" = "iPhone Developer";
				COPY_PHASE_STRIP = NO;
				DEBUG_INFORMATION_FORMAT = dwarf;
				ENABLE_STRICT_OBJC_MSGSEND = YES;
				ENABLE_TESTABILITY = YES;
				GCC_C_LANGUAGE_STANDARD = gnu99;
				GCC_DYNAMIC_NO_PIC = NO;
				GCC_NO_COMMON_BLOCKS = YES;
				GCC_OPTIMIZATION_LEVEL = 0;
				GCC_PREPROCESSOR_DEFINITIONS = (
					"DEBUG=1",
					"$(inherited)",
				);
				GCC_WARN_64_TO_32_BIT_CONVERSION = YES;
				GCC_WARN_ABOUT_RETURN_TYPE = YES_ERROR;
				GCC_WARN_UNDECLARED_SELECTOR = YES;
				GCC_WARN_UNINITIALIZED_AUTOS = YES_AGGRESSIVE;
				GCC_WARN_UNUSED_FUNCTION = YES;
				GCC_WARN_UNUSED_VARIABLE = YES;
				IPHONEOS_DEPLOYMENT_TARGET = 10.2;
				MTL_ENABLE_DEBUG_INFO = YES;
				ONLY_ACTIVE_ARCH = YES;
				SDKROOT = iphoneos;
				TARGETED_DEVICE_FAMILY = "1,2";
			};
			name = Debug;
		};
		D546113F1E3E464700C1A45D /* Release */ = {
			isa = XCBuildConfiguration;
			buildSettings = {
				ALWAYS_SEARCH_USER_PATHS = NO;
				CLANG_ANALYZER_NONNULL = YES;
				CLANG_CXX_LANGUAGE_STANDARD = "gnu++0x";
				CLANG_CXX_LIBRARY = "libc++";
				CLANG_ENABLE_MODULES = YES;
				CLANG_ENABLE_OBJC_ARC = YES;
				CLANG_WARN_BOOL_CONVERSION = YES;
				CLANG_WARN_CONSTANT_CONVERSION = YES;
				CLANG_WARN_DIRECT_OBJC_ISA_USAGE = YES_ERROR;
				CLANG_WARN_DOCUMENTATION_COMMENTS = YES;
				CLANG_WARN_EMPTY_BODY = YES;
				CLANG_WARN_ENUM_CONVERSION = YES;
				CLANG_WARN_INFINITE_RECURSION = YES;
				CLANG_WARN_INT_CONVERSION = YES;
				CLANG_WARN_OBJC_ROOT_CLASS = YES_ERROR;
				CLANG_WARN_SUSPICIOUS_MOVE = YES;
				CLANG_WARN_UNREACHABLE_CODE = YES;
				CLANG_WARN__DUPLICATE_METHOD_MATCH = YES;
				"CODE_SIGN_IDENTITY[sdk=iphoneos*]" = "iPhone Developer";
				COPY_PHASE_STRIP = NO;
				DEBUG_INFORMATION_FORMAT = "dwarf-with-dsym";
				ENABLE_NS_ASSERTIONS = NO;
				ENABLE_STRICT_OBJC_MSGSEND = YES;
				GCC_C_LANGUAGE_STANDARD = gnu99;
				GCC_NO_COMMON_BLOCKS = YES;
				GCC_WARN_64_TO_32_BIT_CONVERSION = YES;
				GCC_WARN_ABOUT_RETURN_TYPE = YES_ERROR;
				GCC_WARN_UNDECLARED_SELECTOR = YES;
				GCC_WARN_UNINITIALIZED_AUTOS = YES_AGGRESSIVE;
				GCC_WARN_UNUSED_FUNCTION = YES;
				GCC_WARN_UNUSED_VARIABLE = YES;
				IPHONEOS_DEPLOYMENT_TARGET = 10.2;
				MTL_ENABLE_DEBUG_INFO = NO;
				SDKROOT = iphoneos;
				TARGETED_DEVICE_FAMILY = "1,2";
				VALIDATE_PRODUCT = YES;
			};
			name = Release;
		};
		D54611411E3E464700C1A45D /* Debug */ = {
			isa = XCBuildConfiguration;
			buildSettings = {
				ASSETCATALOG_COMPILER_APPICON_NAME = AppIcon;
				INFOPLIST_FILE = "Calorie Meter/Info.plist";
				LD_RUNPATH_SEARCH_PATHS = "$(inherited) @executable_path/Frameworks";
				PRODUCT_BUNDLE_IDENTIFIER = "com.code-blood.Calorie-Meter";
				PRODUCT_NAME = "$(TARGET_NAME)";
			};
			name = Debug;
		};
		D54611421E3E464700C1A45D /* Release */ = {
			isa = XCBuildConfiguration;
			buildSettings = {
				ASSETCATALOG_COMPILER_APPICON_NAME = AppIcon;
				INFOPLIST_FILE = "Calorie Meter/Info.plist";
				LD_RUNPATH_SEARCH_PATHS = "$(inherited) @executable_path/Frameworks";
				PRODUCT_BUNDLE_IDENTIFIER = "com.code-blood.Calorie-Meter";
				PRODUCT_NAME = "$(TARGET_NAME)";
			};
			name = Release;
		};
/* End XCBuildConfiguration section */

/* Begin XCConfigurationList section */
		D54611241E3E464700C1A45D /* Build configuration list for PBXProject "Calorie Meter" */ = {
			isa = XCConfigurationList;
			buildConfigurations = (
				D546113E1E3E464700C1A45D /* Debug */,
				D546113F1E3E464700C1A45D /* Release */,
			);
			defaultConfigurationIsVisible = 0;
			defaultConfigurationName = Release;
		};
		D54611401E3E464700C1A45D /* Build configuration list for PBXNativeTarget "Calorie Meter" */ = {
			isa = XCConfigurationList;
			buildConfigurations = (
				D54611411E3E464700C1A45D /* Debug */,
				D54611421E3E464700C1A45D /* Release */,
			);
			defaultConfigurationIsVisible = 0;
			defaultConfigurationName = Release;
		};
/* End XCConfigurationList section */
	};
	rootObject = D54611211E3E464700C1A45D /* Project object */;
}
